
Microsoft Visual Studio Solution File, Format Version 12.00
# Visual Studio Version 16
VisualStudioVersion = 16.0.32228.343
MinimumVisualStudioVersion = 10.0.40219.1
Project("{FAE04EC0-301F-11D3-BF4B-00C04F79EFBC}") = "Diplom", "Diplom\Diplom.csproj", "{0ECEA64B-EB2E-4A3F-9D48-388258A148F1}"
EndProject
Global
	GlobalSection(SolutionConfigurationPlatforms) = preSolution
		Debug|Any CPU = Debug|Any CPU
		Release|Any CPU = Release|Any CPU
	EndGlobalSection
	GlobalSection(ProjectConfigurationPlatforms) = postSolution
		{0ECEA64B-EB2E-4A3F-9D48-388258A148F1}.Debug|Any CPU.ActiveCfg = Debug|Any CPU
		{0ECEA64B-EB2E-4A3F-9D48-388258A148F1}.Debug|Any CPU.Build.0 = Debug|Any CPU
		{0ECEA64B-EB2E-4A3F-9D48-388258A148F1}.Release|Any CPU.ActiveCfg = Release|Any CPU
		{0ECEA64B-EB2E-4A3F-9D48-388258A148F1}.Release|Any CPU.Build.0 = Release|Any CPU
	EndGlobalSection
	GlobalSection(SolutionProperties) = preSolution
		HideSolutionNode = FALSE
	EndGlobalSection
	GlobalSection(ExtensibilityGlobals) = postSolution
		SolutionGuid = {687DED59-8F2A-4DF5-9192-C8FFC7B8A8EE}
	EndGlobalSection
EndGlobal
